
Microsoft Visual Studio Solution File, Format Version 12.00
# Visual Studio 15
VisualStudioVersion = 15.0.27004.2008
MinimumVisualStudioVersion = 10.0.40219.1
Project("{9A19103F-16F7-4668-BE54-9A1E7A4F7556}") = "GroverClevelandHopscotch.RestApi", "GroverClevelandHopscotch.RestApi\GroverClevelandHopscotch.RestApi.csproj", "{FB9A406A-7519-4FD2-8BB6-E9E223FB3265}"
EndProject
Project("{9A19103F-16F7-4668-BE54-9A1E7A4F7556}") = "GroverClevelandHopscotch.Core", "GroverClevelandHopscotch.Core\GroverClevelandHopscotch.Core.csproj", "{2AAFDE8C-2C2E-4DEC-8514-0515B7FE513D}"
EndProject
Project("{9A19103F-16F7-4668-BE54-9A1E7A4F7556}") = "GroverClevelandHopscotch.Infrastructure", "GroverClevelandHopscotch.Infrastructure\GroverClevelandHopscotch.Infrastructure.csproj", "{1B3B18FB-DE98-4635-B7D5-05034D03664B}"
EndProject
Project("{FAE04EC0-301F-11D3-BF4B-00C04F79EFBC}") = "GroverClevelandHopscotch.Core.Tests", "GroverClevelandHopscotch.Core.Tests\GroverClevelandHopscotch.Core.Tests.csproj", "{9A15DB04-A56F-4FE0-89C6-8D15BF8CEC52}"
EndProject
Global
	GlobalSection(SolutionConfigurationPlatforms) = preSolution
		Debug|Any CPU = Debug|Any CPU
		Release|Any CPU = Release|Any CPU
	EndGlobalSection
	GlobalSection(ProjectConfigurationPlatforms) = postSolution
		{FB9A406A-7519-4FD2-8BB6-E9E223FB3265}.Debug|Any CPU.ActiveCfg = Debug|Any CPU
		{FB9A406A-7519-4FD2-8BB6-E9E223FB3265}.Debug|Any CPU.Build.0 = Debug|Any CPU
		{FB9A406A-7519-4FD2-8BB6-E9E223FB3265}.Release|Any CPU.ActiveCfg = Release|Any CPU
		{FB9A406A-7519-4FD2-8BB6-E9E223FB3265}.Release|Any CPU.Build.0 = Release|Any CPU
		{2AAFDE8C-2C2E-4DEC-8514-0515B7FE513D}.Debug|Any CPU.ActiveCfg = Debug|Any CPU
		{2AAFDE8C-2C2E-4DEC-8514-0515B7FE513D}.Debug|Any CPU.Build.0 = Debug|Any CPU
		{2AAFDE8C-2C2E-4DEC-8514-0515B7FE513D}.Release|Any CPU.ActiveCfg = Release|Any CPU
		{2AAFDE8C-2C2E-4DEC-8514-0515B7FE513D}.Release|Any CPU.Build.0 = Release|Any CPU
		{1B3B18FB-DE98-4635-B7D5-05034D03664B}.Debug|Any CPU.ActiveCfg = Debug|Any CPU
		{1B3B18FB-DE98-4635-B7D5-05034D03664B}.Debug|Any CPU.Build.0 = Debug|Any CPU
		{1B3B18FB-DE98-4635-B7D5-05034D03664B}.Release|Any CPU.ActiveCfg = Release|Any CPU
		{1B3B18FB-DE98-4635-B7D5-05034D03664B}.Release|Any CPU.Build.0 = Release|Any CPU
		{9A15DB04-A56F-4FE0-89C6-8D15BF8CEC52}.Debug|Any CPU.ActiveCfg = Debug|Any CPU
		{9A15DB04-A56F-4FE0-89C6-8D15BF8CEC52}.Debug|Any CPU.Build.0 = Debug|Any CPU
		{9A15DB04-A56F-4FE0-89C6-8D15BF8CEC52}.Release|Any CPU.ActiveCfg = Release|Any CPU
		{9A15DB04-A56F-4FE0-89C6-8D15BF8CEC52}.Release|Any CPU.Build.0 = Release|Any CPU
	EndGlobalSection
	GlobalSection(SolutionProperties) = preSolution
		HideSolutionNode = FALSE
	EndGlobalSection
	GlobalSection(ExtensibilityGlobals) = postSolution
		SolutionGuid = {09610A9E-3533-4562-8E2D-F2FC1025E330}
	EndGlobalSection
EndGlobal
